
Microsoft Visual Studio Solution File, Format Version 12.00
# Visual Studio 15
VisualStudioVersion = 15.0.28307.1705
MinimumVisualStudioVersion = 10.0.40219.1
Project("{FAE04EC0-301F-11D3-BF4B-00C04F79EFBC}") = "Introducao", "Introducao\Introducao.csproj", "{B89AB929-8A1B-4CC4-B025-3F29F74C7CF9}"
EndProject
Global
	GlobalSection(SolutionConfigurationPlatforms) = preSolution
		Debug|Any CPU = Debug|Any CPU
		Release|Any CPU = Release|Any CPU
	EndGlobalSection
	GlobalSection(ProjectConfigurationPlatforms) = postSolution
		{B89AB929-8A1B-4CC4-B025-3F29F74C7CF9}.Debug|Any CPU.ActiveCfg = Debug|Any CPU
		{B89AB929-8A1B-4CC4-B025-3F29F74C7CF9}.Debug|Any CPU.Build.0 = Debug|Any CPU
		{B89AB929-8A1B-4CC4-B025-3F29F74C7CF9}.Release|Any CPU.ActiveCfg = Release|Any CPU
		{B89AB929-8A1B-4CC4-B025-3F29F74C7CF9}.Release|Any CPU.Build.0 = Release|Any CPU
	EndGlobalSection
	GlobalSection(SolutionProperties) = preSolution
		HideSolutionNode = FALSE
	EndGlobalSection
	GlobalSection(ExtensibilityGlobals) = postSolution
		SolutionGuid = {D494C63D-70CA-48B0-853E-4156B8C3CFD4}
	EndGlobalSection
EndGlobal
